{
  "lockfile_version": "1",
  "packages": {
    "eslint@9.39.2": {
      "last_modified": "2026-01-23T17:20:52Z",
      "resolved": "github:NixOS/nixpkgs/a1bab9e494f5f4939442a57a58d0449a109593fe#eslint",
      "source": "devbox-search",
      "version": "9.39.2",
      "systems": {
        "aarch64-darwin": {
          "outputs": [
            {
              "name": "out",
              "path": "/nix/store/gpjbdxawmfzpf8bm8k2bg0yszf6bgfzp-eslint-9.39.2",
              "default": true
            }
          ],
          "store_path": "/nix/store/gpjbdxawmfzpf8bm8k2bg0yszf6bgfzp-eslint-9.39.2"
        },
        "aarch64-linux": {
          "outputs": [
            {
              "name": "out",
              "path": "/nix/store/m7ryrf09gp0bhy4iplabgpf1122pl39s-eslint-9.39.2",
              "default": true
            }
          ],
          "store_path": "/nix/store/m7ryrf09gp0bhy4iplabgpf1122pl39s-eslint-9.39.2"
        },
        "x86_64-darwin": {
          "outputs": [
            {
              "name": "out",
              "path": "/nix/store/34sv5w68fsv4xplh7kijjfpv6j7bfnk0-eslint-9.39.2",
              "default": true
            }
          ],
          "store_path": "/nix/store/34sv5w68fsv4xplh7kijjfpv6j7bfnk0-eslint-9.39.2"
        },
        "x86_64-linux": {
          "outputs": [
            {
              "name": "out",
              "path": "/nix/store/6y5znmf4bmhp39ixmflwzz04sh3r4lcp-eslint-9.39.2",
              "default": true
            }
          ],
          "store_path": "/nix/store/6y5znmf4bmhp39ixmflwzz04sh3r4lcp-eslint-9.39.2"
        }
      }
    },
    "github:NixOS/nixpkgs/nixpkgs-unstable": {
      "last_modified": "2025-12-05T15:03:55Z",
      "resolved": "github:NixOS/nixpkgs/a672be65651c80d3f592a89b3945466584a22069?lastModified=1764947035"
    },
    "pnpm@10.25.0": {
      "last_modified": "2025-12-09T08:49:39Z",
      "resolved": "github:NixOS/nixpkgs/677fbe97984e7af3175b6c121f3c39ee5c8d62c9#pnpm",
      "source": "devbox-search",
      "version": "10.25.0",
      "systems": {
        "aarch64-darwin": {
          "outputs": [
            {
              "name": "out",
              "path": "/nix/store/nxr10pnynlzqsfcnc4h4zv2724a8i7v8-pnpm-10.25.0",
              "default": true
            }
          ],
          "store_path": "/nix/store/nxr10pnynlzqsfcnc4h4zv2724a8i7v8-pnpm-10.25.0"
        },
        "aarch64-linux": {
          "outputs": [
            {
              "name": "out",
              "path": "/nix/store/h6jf2yyqylcyha37sva2byacp416kzkg-pnpm-10.25.0",
              "default": true
            }
          ],
          "store_path": "/nix/store/h6jf2yyqylcyha37sva2byacp416kzkg-pnpm-10.25.0"
        },
        "x86_64-darwin": {
          "outputs": [
            {
              "name": "out",
              "path": "/nix/store/0wqvnyh0s0yb2117f2j8ry70ckss0ihm-pnpm-10.25.0",
              "default": true
            }
          ],
          "store_path": "/nix/store/0wqvnyh0s0yb2117f2j8ry70ckss0ihm-pnpm-10.25.0"
        },
        "x86_64-linux": {
          "outputs": [
            {
              "name": "out",
              "path": "/nix/store/isajycg2nkxcl798hvdpm3iizayw8alc-pnpm-10.25.0",
              "default": true
            }
          ],
          "store_path": "/nix/store/isajycg2nkxcl798hvdpm3iizayw8alc-pnpm-10.25.0"
        }
      }
    },
    "prettier@3.6.2": {
      "last_modified": "2025-11-29T19:37:08Z",
      "resolved": "github:NixOS/nixpkgs/a09378c0108815dbf3961a0e085936f4146ec415#prettier",
      "source": "devbox-search",
      "version": "3.6.2",
      "systems": {
        "aarch64-darwin": {
          "outputs": [
            {
              "name": "out",
              "path": "/nix/store/dfcvpnr7kwwsp979lhnd7wwnkgvpwpdc-prettier-3.6.2",
              "default": true
            }
          ],
          "store_path": "/nix/store/dfcvpnr7kwwsp979lhnd7wwnkgvpwpdc-prettier-3.6.2"
        },
        "aarch64-linux": {
          "outputs": [
            {
              "name": "out",
              "path": "/nix/store/6jq20bylhhsgvfg8cpla0n1sfipn5fjr-prettier-3.6.2",
              "default": true
            }
          ],
          "store_path": "/nix/store/6jq20bylhhsgvfg8cpla0n1sfipn5fjr-prettier-3.6.2"
        },
        "x86_64-darwin": {
          "outputs": [
            {
              "name": "out",
              "path": "/nix/store/gx0ky8rlym7wpqil80l7vxprr4y8vr2g-prettier-3.6.2",
              "default": true
            }
          ],
          "store_path": "/nix/store/gx0ky8rlym7wpqil80l7vxprr4y8vr2g-prettier-3.6.2"
        },
        "x86_64-linux": {
          "outputs": [
            {
              "name": "out",
              "path": "/nix/store/6fcbrdsms2icrx5n840sslqd6nl7zfb7-prettier-3.6.2",
              "default": true
            }
          ],
          "store_path": "/nix/store/6fcbrdsms2icrx5n840sslqd6nl7zfb7-prettier-3.6.2"
        }
      }
    },
    "typescript@5.9.3": {
      "last_modified": "2025-11-23T21:50:36Z",
      "resolved": "github:NixOS/nixpkgs/ee09932cedcef15aaf476f9343d1dea2cb77e261#typescript",
      "source": "devbox-search",
      "version": "5.9.3",
      "systems": {
        "aarch64-darwin": {
          "outputs": [
            {
              "name": "out",
              "path": "/nix/store/asa2i09jhwkfbw9p2iqf7qdx76q3raxp-typescript-5.9.3",
              "default": true
            }
          ],
          "store_path": "/nix/store/asa2i09jhwkfbw9p2iqf7qdx76q3raxp-typescript-5.9.3"
        },
        "aarch64-linux": {
          "outputs": [
            {
              "name": "out",
              "path": "/nix/store/9kh8cg97zk0pi164ksm2dd7d1x36wkad-typescript-5.9.3",
              "default": true
            }
          ],
          "store_path": "/nix/store/9kh8cg97zk0pi164ksm2dd7d1x36wkad-typescript-5.9.3"
        },
        "x86_64-darwin": {
          "outputs": [
            {
              "name": "out",
              "path": "/nix/store/31c6l87qvxbfnrasf2dx8gcpp7gnyvp6-typescript-5.9.3",
              "default": true
            }
          ],
          "store_path": "/nix/store/31c6l87qvxbfnrasf2dx8gcpp7gnyvp6-typescript-5.9.3"
        },
        "x86_64-linux": {
          "outputs": [
            {
              "name": "out",
              "path": "/nix/store/y6wn9g8nbrazkn4r7daik49c77fs513y-typescript-5.9.3",
              "default": true
            }
          ],
          "store_path": "/nix/store/y6wn9g8nbrazkn4r7daik49c77fs513y-typescript-5.9.3"
        }
      }
    }
  }
}
