{
  "lockfile_version": "1",
  "packages": {
    "eslint@9.39.1": {
      "last_modified": "2025-11-28T17:56:46Z",
      "resolved": "github:NixOS/nixpkgs/24e915b36ca87d32777d766da3a3f4e3ce22cc98#eslint",
      "source": "devbox-search",
      "version": "9.39.1",
      "systems": {
        "aarch64-darwin": {
          "outputs": [
            {
              "name": "out",
              "path": "/nix/store/pbl1qdk6qp6x18x9f7x4hd46plyij2cc-eslint-9.39.1",
              "default": true
            }
          ],
          "store_path": "/nix/store/pbl1qdk6qp6x18x9f7x4hd46plyij2cc-eslint-9.39.1"
        },
        "aarch64-linux": {
          "outputs": [
            {
              "name": "out",
              "path": "/nix/store/hpk8fnfyn33x38lh3mc9pvj1z18cbdgi-eslint-9.39.1",
              "default": true
            }
          ],
          "store_path": "/nix/store/hpk8fnfyn33x38lh3mc9pvj1z18cbdgi-eslint-9.39.1"
        },
        "x86_64-darwin": {
          "outputs": [
            {
              "name": "out",
              "path": "/nix/store/cqmsqq964vknimxin4hi2lz3ahnl1mxj-eslint-9.39.1",
              "default": true
            }
          ],
          "store_path": "/nix/store/cqmsqq964vknimxin4hi2lz3ahnl1mxj-eslint-9.39.1"
        },
        "x86_64-linux": {
          "outputs": [
            {
              "name": "out",
              "path": "/nix/store/1c2jwl24xj1kz5hjx8hxl11z9sh38fkv-eslint-9.39.1",
              "default": true
            }
          ],
          "store_path": "/nix/store/1c2jwl24xj1kz5hjx8hxl11z9sh38fkv-eslint-9.39.1"
        }
      }
    },
    "github:NixOS/nixpkgs/nixpkgs-unstable": {
      "last_modified": "2025-12-05T15:03:55Z",
      "resolved": "github:NixOS/nixpkgs/a672be65651c80d3f592a89b3945466584a22069?lastModified=1764947035"
    },
    "pnpm@10.24.0": {
      "last_modified": "2025-11-28T17:56:46Z",
      "resolved": "github:NixOS/nixpkgs/24e915b36ca87d32777d766da3a3f4e3ce22cc98#pnpm",
      "source": "devbox-search",
      "version": "10.24.0",
      "systems": {
        "aarch64-darwin": {
          "outputs": [
            {
              "name": "out",
              "path": "/nix/store/09p3ygf7zdspqfyqn7z25k2q832hfklr-pnpm-10.24.0",
              "default": true
            }
          ],
          "store_path": "/nix/store/09p3ygf7zdspqfyqn7z25k2q832hfklr-pnpm-10.24.0"
        },
        "aarch64-linux": {
          "outputs": [
            {
              "name": "out",
              "path": "/nix/store/nkfhs7q2gk8nns4cr4r8gmvdi1dx99lg-pnpm-10.24.0",
              "default": true
            }
          ],
          "store_path": "/nix/store/nkfhs7q2gk8nns4cr4r8gmvdi1dx99lg-pnpm-10.24.0"
        },
        "x86_64-darwin": {
          "outputs": [
            {
              "name": "out",
              "path": "/nix/store/qwp6r0zxrm5h4qa55wym2k9dy84rsaiq-pnpm-10.24.0",
              "default": true
            }
          ],
          "store_path": "/nix/store/qwp6r0zxrm5h4qa55wym2k9dy84rsaiq-pnpm-10.24.0"
        },
        "x86_64-linux": {
          "outputs": [
            {
              "name": "out",
              "path": "/nix/store/x8brlvxzdkgpl75s9p7srnm2b5py8vnd-pnpm-10.24.0",
              "default": true
            }
          ],
          "store_path": "/nix/store/x8brlvxzdkgpl75s9p7srnm2b5py8vnd-pnpm-10.24.0"
        }
      }
    },
    "prettier@3.6.2": {
      "last_modified": "2025-11-29T19:37:08Z",
      "resolved": "github:NixOS/nixpkgs/a09378c0108815dbf3961a0e085936f4146ec415#prettier",
      "source": "devbox-search",
      "version": "3.6.2",
      "systems": {
        "aarch64-darwin": {
          "outputs": [
            {
              "name": "out",
              "path": "/nix/store/dfcvpnr7kwwsp979lhnd7wwnkgvpwpdc-prettier-3.6.2",
              "default": true
            }
          ],
          "store_path": "/nix/store/dfcvpnr7kwwsp979lhnd7wwnkgvpwpdc-prettier-3.6.2"
        },
        "aarch64-linux": {
          "outputs": [
            {
              "name": "out",
              "path": "/nix/store/6jq20bylhhsgvfg8cpla0n1sfipn5fjr-prettier-3.6.2",
              "default": true
            }
          ],
          "store_path": "/nix/store/6jq20bylhhsgvfg8cpla0n1sfipn5fjr-prettier-3.6.2"
        },
        "x86_64-darwin": {
          "outputs": [
            {
              "name": "out",
              "path": "/nix/store/gx0ky8rlym7wpqil80l7vxprr4y8vr2g-prettier-3.6.2",
              "default": true
            }
          ],
          "store_path": "/nix/store/gx0ky8rlym7wpqil80l7vxprr4y8vr2g-prettier-3.6.2"
        },
        "x86_64-linux": {
          "outputs": [
            {
              "name": "out",
              "path": "/nix/store/6fcbrdsms2icrx5n840sslqd6nl7zfb7-prettier-3.6.2",
              "default": true
            }
          ],
          "store_path": "/nix/store/6fcbrdsms2icrx5n840sslqd6nl7zfb7-prettier-3.6.2"
        }
      }
    },
    "typescript@5.9.3": {
      "last_modified": "2025-11-23T21:50:36Z",
      "resolved": "github:NixOS/nixpkgs/ee09932cedcef15aaf476f9343d1dea2cb77e261#typescript",
      "source": "devbox-search",
      "version": "5.9.3",
      "systems": {
        "aarch64-darwin": {
          "outputs": [
            {
              "name": "out",
              "path": "/nix/store/asa2i09jhwkfbw9p2iqf7qdx76q3raxp-typescript-5.9.3",
              "default": true
            }
          ],
          "store_path": "/nix/store/asa2i09jhwkfbw9p2iqf7qdx76q3raxp-typescript-5.9.3"
        },
        "aarch64-linux": {
          "outputs": [
            {
              "name": "out",
              "path": "/nix/store/9kh8cg97zk0pi164ksm2dd7d1x36wkad-typescript-5.9.3",
              "default": true
            }
          ],
          "store_path": "/nix/store/9kh8cg97zk0pi164ksm2dd7d1x36wkad-typescript-5.9.3"
        },
        "x86_64-darwin": {
          "outputs": [
            {
              "name": "out",
              "path": "/nix/store/31c6l87qvxbfnrasf2dx8gcpp7gnyvp6-typescript-5.9.3",
              "default": true
            }
          ],
          "store_path": "/nix/store/31c6l87qvxbfnrasf2dx8gcpp7gnyvp6-typescript-5.9.3"
        },
        "x86_64-linux": {
          "outputs": [
            {
              "name": "out",
              "path": "/nix/store/y6wn9g8nbrazkn4r7daik49c77fs513y-typescript-5.9.3",
              "default": true
            }
          ],
          "store_path": "/nix/store/y6wn9g8nbrazkn4r7daik49c77fs513y-typescript-5.9.3"
        }
      }
    }
  }
}
